
Microsoft Visual Studio Solution File, Format Version 12.00
# Visual Studio Version 17
VisualStudioVersion = 17.4.33205.214
MinimumVisualStudioVersion = 10.0.40219.1
Project("{FAE04EC0-301F-11D3-BF4B-00C04F79EFBC}") = "ClosetRental", "ClosetRental\ClosetRental.csproj", "{B0D8649E-550E-4297-AB19-AACB17F6EB90}"
EndProject
Global
	GlobalSection(SolutionConfigurationPlatforms) = preSolution
		Debug|Any CPU = Debug|Any CPU
		Release|Any CPU = Release|Any CPU
	EndGlobalSection
	GlobalSection(ProjectConfigurationPlatforms) = postSolution
		{B0D8649E-550E-4297-AB19-AACB17F6EB90}.Debug|Any CPU.ActiveCfg = Debug|Any CPU
		{B0D8649E-550E-4297-AB19-AACB17F6EB90}.Debug|Any CPU.Build.0 = Debug|Any CPU
		{B0D8649E-550E-4297-AB19-AACB17F6EB90}.Release|Any CPU.ActiveCfg = Release|Any CPU
		{B0D8649E-550E-4297-AB19-AACB17F6EB90}.Release|Any CPU.Build.0 = Release|Any CPU
	EndGlobalSection
	GlobalSection(SolutionProperties) = preSolution
		HideSolutionNode = FALSE
	EndGlobalSection
	GlobalSection(ExtensibilityGlobals) = postSolution
		SolutionGuid = {83E8D990-759F-4EBF-BD74-1499FCB1389E}
	EndGlobalSection
EndGlobal
